
Microsoft Visual Studio Solution File, Format Version 12.00
# Visual Studio Version 17
VisualStudioVersion = 17.0.31903.59
MinimumVisualStudioVersion = 10.0.40219.1
Project("{FAE04EC0-301F-11D3-BF4B-00C04F79EFBC}") = "XPlaneMcp.Server", "XPlaneMcp.Server\XPlaneMcp.Server.csproj", "{D6969949-D532-4100-8F34-EF1522982235}"
EndProject
Project("{FAE04EC0-301F-11D3-BF4B-00C04F79EFBC}") = "XPlaneMcp.Server.Tests", "XPlaneMcp.Server.Tests\XPlaneMcp.Server.Tests.csproj", "{CBDF573B-C390-48BA-8261-AD11BFA5F772}"
EndProject
Global
	GlobalSection(SolutionConfigurationPlatforms) = preSolution
		Debug|Any CPU = Debug|Any CPU
		Debug|x64 = Debug|x64
		Debug|x86 = Debug|x86
		Release|Any CPU = Release|Any CPU
		Release|x64 = Release|x64
		Release|x86 = Release|x86
	EndGlobalSection
	GlobalSection(ProjectConfigurationPlatforms) = postSolution
		{D6969949-D532-4100-8F34-EF1522982235}.Debug|Any CPU.ActiveCfg = Debug|Any CPU
		{D6969949-D532-4100-8F34-EF1522982235}.Debug|Any CPU.Build.0 = Debug|Any CPU
		{D6969949-D532-4100-8F34-EF1522982235}.Debug|x64.ActiveCfg = Debug|Any CPU
		{D6969949-D532-4100-8F34-EF1522982235}.Debug|x64.Build.0 = Debug|Any CPU
		{D6969949-D532-4100-8F34-EF1522982235}.Debug|x86.ActiveCfg = Debug|Any CPU
		{D6969949-D532-4100-8F34-EF1522982235}.Debug|x86.Build.0 = Debug|Any CPU
		{D6969949-D532-4100-8F34-EF1522982235}.Release|Any CPU.ActiveCfg = Release|Any CPU
		{D6969949-D532-4100-8F34-EF1522982235}.Release|Any CPU.Build.0 = Release|Any CPU
		{D6969949-D532-4100-8F34-EF1522982235}.Release|x64.ActiveCfg = Release|Any CPU
		{D6969949-D532-4100-8F34-EF1522982235}.Release|x64.Build.0 = Release|Any CPU
		{D6969949-D532-4100-8F34-EF1522982235}.Release|x86.ActiveCfg = Release|Any CPU
		{D6969949-D532-4100-8F34-EF1522982235}.Release|x86.Build.0 = Release|Any CPU
		{CBDF573B-C390-48BA-8261-AD11BFA5F772}.Debug|Any CPU.ActiveCfg = Debug|Any CPU
		{CBDF573B-C390-48BA-8261-AD11BFA5F772}.Debug|Any CPU.Build.0 = Debug|Any CPU
		{CBDF573B-C390-48BA-8261-AD11BFA5F772}.Debug|x64.ActiveCfg = Debug|Any CPU
		{CBDF573B-C390-48BA-8261-AD11BFA5F772}.Debug|x64.Build.0 = Debug|Any CPU
		{CBDF573B-C390-48BA-8261-AD11BFA5F772}.Debug|x86.ActiveCfg = Debug|Any CPU
		{CBDF573B-C390-48BA-8261-AD11BFA5F772}.Debug|x86.Build.0 = Debug|Any CPU
		{CBDF573B-C390-48BA-8261-AD11BFA5F772}.Release|Any CPU.ActiveCfg = Release|Any CPU
		{CBDF573B-C390-48BA-8261-AD11BFA5F772}.Release|Any CPU.Build.0 = Release|Any CPU
		{CBDF573B-C390-48BA-8261-AD11BFA5F772}.Release|x64.ActiveCfg = Release|Any CPU
		{CBDF573B-C390-48BA-8261-AD11BFA5F772}.Release|x64.Build.0 = Release|Any CPU
		{CBDF573B-C390-48BA-8261-AD11BFA5F772}.Release|x86.ActiveCfg = Release|Any CPU
		{CBDF573B-C390-48BA-8261-AD11BFA5F772}.Release|x86.Build.0 = Release|Any CPU
	EndGlobalSection
	GlobalSection(SolutionProperties) = preSolution
		HideSolutionNode = FALSE
	EndGlobalSection
EndGlobal
